
Microsoft Visual Studio Solution File, Format Version 12.00
# Visual Studio Version 17
VisualStudioVersion = 17.0.31912.275
MinimumVisualStudioVersion = 10.0.40219.1
Project("{9A19103F-16F7-4668-BE54-9A1E7A4F7556}") = "src\Api", "src\Api\Api.csproj", "{1D141FC7-1137-4CFA-B341-08422A20EB55}"
EndProject
Project("{2150E333-8FDC-42A3-9474-1A3956D46DE8}") = "Solution Items", "Solution Items", "{888FBC63-3837-4BAD-9D92-F567CD6C3DDC}"
	ProjectSection(SolutionItems) = preProject
		.editorconfig = .editorconfig
		.gitignore = .gitignore
		docker-compose.yml = docker-compose.yml
		init.sql = init.sql
	EndProjectSection
EndProject
Project("{9A19103F-16F7-4668-BE54-9A1E7A4F7556}") = "src\Service", "src\Service\Service.csproj", "{35296E7E-0259-49D7-B5FA-FB065CA93DB7}"
EndProject
Project("{9A19103F-16F7-4668-BE54-9A1E7A4F7556}") = "src\Data", "src\Data\Data.csproj", "{EAF5C6E4-0D1F-4B64-89CD-4228DE39D89F}"
EndProject
Project("{2150E333-8FDC-42A3-9474-1A3956D46DE8}") = "src", "src", "{B3C070D8-1D9A-4628-B7AF-BFB048EC593F}"
EndProject
Project("{2150E333-8FDC-42A3-9474-1A3956D46DE8}") = "test", "test", "{C95B44DF-B53E-44CF-8EA4-F021FD8D60C7}"
EndProject
Global
	GlobalSection(SolutionConfigurationPlatforms) = preSolution
		Debug|Any CPU = Debug|Any CPU
		Release|Any CPU = Release|Any CPU
	EndGlobalSection
	GlobalSection(ProjectConfigurationPlatforms) = postSolution
		{1D141FC7-1137-4CFA-B341-08422A20EB55}.Debug|Any CPU.ActiveCfg = Debug|Any CPU
		{1D141FC7-1137-4CFA-B341-08422A20EB55}.Debug|Any CPU.Build.0 = Debug|Any CPU
		{1D141FC7-1137-4CFA-B341-08422A20EB55}.Release|Any CPU.ActiveCfg = Release|Any CPU
		{1D141FC7-1137-4CFA-B341-08422A20EB55}.Release|Any CPU.Build.0 = Release|Any CPU
		{35296E7E-0259-49D7-B5FA-FB065CA93DB7}.Debug|Any CPU.ActiveCfg = Debug|Any CPU
		{35296E7E-0259-49D7-B5FA-FB065CA93DB7}.Debug|Any CPU.Build.0 = Debug|Any CPU
		{35296E7E-0259-49D7-B5FA-FB065CA93DB7}.Release|Any CPU.ActiveCfg = Release|Any CPU
		{35296E7E-0259-49D7-B5FA-FB065CA93DB7}.Release|Any CPU.Build.0 = Release|Any CPU
		{EAF5C6E4-0D1F-4B64-89CD-4228DE39D89F}.Debug|Any CPU.ActiveCfg = Debug|Any CPU
		{EAF5C6E4-0D1F-4B64-89CD-4228DE39D89F}.Debug|Any CPU.Build.0 = Debug|Any CPU
		{EAF5C6E4-0D1F-4B64-89CD-4228DE39D89F}.Release|Any CPU.ActiveCfg = Release|Any CPU
		{EAF5C6E4-0D1F-4B64-89CD-4228DE39D89F}.Release|Any CPU.Build.0 = Release|Any CPU
	EndGlobalSection
	GlobalSection(SolutionProperties) = preSolution
		HideSolutionNode = FALSE
	EndGlobalSection
	GlobalSection(NestedProjects) = preSolution
		{1D141FC7-1137-4CFA-B341-08422A20EB55} = {B3C070D8-1D9A-4628-B7AF-BFB048EC593F}
		{35296E7E-0259-49D7-B5FA-FB065CA93DB7} = {B3C070D8-1D9A-4628-B7AF-BFB048EC593F}
		{EAF5C6E4-0D1F-4B64-89CD-4228DE39D89F} = {B3C070D8-1D9A-4628-B7AF-BFB048EC593F}
	EndGlobalSection
	GlobalSection(ExtensibilityGlobals) = postSolution
		SolutionGuid = {CF413B51-0625-4FA7-BBFD-44999E02E529}
	EndGlobalSection
EndGlobal
